
Microsoft Visual Studio Solution File, Format Version 12.00
# Visual Studio Version 17
VisualStudioVersion = 17.3.32929.385
MinimumVisualStudioVersion = 10.0.40219.1
Project("{FAE04EC0-301F-11D3-BF4B-00C04F79EFBC}") = "FirstHomework", "FirstHomework\FirstHomework.csproj", "{EBDE0C0A-E98A-49EC-ADC3-5326A8016D5B}"
EndProject
Global
	GlobalSection(SolutionConfigurationPlatforms) = preSolution
		Debug|Any CPU = Debug|Any CPU
		Release|Any CPU = Release|Any CPU
	EndGlobalSection
	GlobalSection(ProjectConfigurationPlatforms) = postSolution
		{EBDE0C0A-E98A-49EC-ADC3-5326A8016D5B}.Debug|Any CPU.ActiveCfg = Debug|Any CPU
		{EBDE0C0A-E98A-49EC-ADC3-5326A8016D5B}.Debug|Any CPU.Build.0 = Debug|Any CPU
		{EBDE0C0A-E98A-49EC-ADC3-5326A8016D5B}.Release|Any CPU.ActiveCfg = Release|Any CPU
		{EBDE0C0A-E98A-49EC-ADC3-5326A8016D5B}.Release|Any CPU.Build.0 = Release|Any CPU
	EndGlobalSection
	GlobalSection(SolutionProperties) = preSolution
		HideSolutionNode = FALSE
	EndGlobalSection
	GlobalSection(ExtensibilityGlobals) = postSolution
		SolutionGuid = {1ACF2DC1-2718-4887-BDA3-8CC960455020}
	EndGlobalSection
EndGlobal
